
Microsoft Visual Studio Solution File, Format Version 12.00
# Visual Studio Version 17
VisualStudioVersion = 17.4.33103.184
MinimumVisualStudioVersion = 10.0.40219.1
Project("{9A19103F-16F7-4668-BE54-9A1E7A4F7556}") = "Nazar", "Nazar\Nazar.csproj", "{B6CAFB35-656B-4CB2-807D-8EA6D24B0A44}"
EndProject
Project("{9A19103F-16F7-4668-BE54-9A1E7A4F7556}") = "Nazar.Core", "Nazar.Core\Nazar.Core.csproj", "{78BF37BB-A457-45EC-9C24-359FD592D8CD}"
EndProject
Project("{9A19103F-16F7-4668-BE54-9A1E7A4F7556}") = "Nazar.Features.AI", "Nazar.Features\OpenAI\Nazar.Features.AI.csproj", "{9A1DCE8C-9BC1-4CF7-92D0-FFFFDBF53240}"
EndProject
Global
	GlobalSection(SolutionConfigurationPlatforms) = preSolution
		Debug|Any CPU = Debug|Any CPU
		Release|Any CPU = Release|Any CPU
	EndGlobalSection
	GlobalSection(ProjectConfigurationPlatforms) = postSolution
		{B6CAFB35-656B-4CB2-807D-8EA6D24B0A44}.Debug|Any CPU.ActiveCfg = Debug|Any CPU
		{B6CAFB35-656B-4CB2-807D-8EA6D24B0A44}.Debug|Any CPU.Build.0 = Debug|Any CPU
		{B6CAFB35-656B-4CB2-807D-8EA6D24B0A44}.Debug|Any CPU.Deploy.0 = Debug|Any CPU
		{B6CAFB35-656B-4CB2-807D-8EA6D24B0A44}.Release|Any CPU.ActiveCfg = Release|Any CPU
		{B6CAFB35-656B-4CB2-807D-8EA6D24B0A44}.Release|Any CPU.Build.0 = Release|Any CPU
		{78BF37BB-A457-45EC-9C24-359FD592D8CD}.Debug|Any CPU.ActiveCfg = Debug|Any CPU
		{78BF37BB-A457-45EC-9C24-359FD592D8CD}.Debug|Any CPU.Build.0 = Debug|Any CPU
		{78BF37BB-A457-45EC-9C24-359FD592D8CD}.Release|Any CPU.ActiveCfg = Release|Any CPU
		{78BF37BB-A457-45EC-9C24-359FD592D8CD}.Release|Any CPU.Build.0 = Release|Any CPU
		{9A1DCE8C-9BC1-4CF7-92D0-FFFFDBF53240}.Debug|Any CPU.ActiveCfg = Debug|Any CPU
		{9A1DCE8C-9BC1-4CF7-92D0-FFFFDBF53240}.Debug|Any CPU.Build.0 = Debug|Any CPU
		{9A1DCE8C-9BC1-4CF7-92D0-FFFFDBF53240}.Release|Any CPU.ActiveCfg = Release|Any CPU
		{9A1DCE8C-9BC1-4CF7-92D0-FFFFDBF53240}.Release|Any CPU.Build.0 = Release|Any CPU
	EndGlobalSection
	GlobalSection(SolutionProperties) = preSolution
		HideSolutionNode = FALSE
	EndGlobalSection
	GlobalSection(ExtensibilityGlobals) = postSolution
		SolutionGuid = {759758B8-5C8B-421E-9281-7B9F6A530E7C}
	EndGlobalSection
EndGlobal
