
Microsoft Visual Studio Solution File, Format Version 12.00
# Visual Studio Version 17
VisualStudioVersion = 17.4.33103.184
MinimumVisualStudioVersion = 10.0.40219.1
Project("{9A19103F-16F7-4668-BE54-9A1E7A4F7556}") = "Nazar.Core", "nazar.core\Nazar.Core.csproj", "{337D60E0-DA09-4F3F-98BA-3F230C414567}"
EndProject
Project("{9A19103F-16F7-4668-BE54-9A1E7A4F7556}") = "Nazar.Core.Features", "Nazar.Core.Mods\Nazar.Core.Features.csproj", "{012E76A3-4651-4A7F-BC60-18B395BD62AE}"
EndProject
Project("{FAE04EC0-301F-11D3-BF4B-00C04F79EFBC}") = "Nazar.Extension.Mods", "Nazar.Extensions.Mods\Nazar.Extension.Mods.csproj", "{56A42939-4660-4FB4-8841-EC0ACEE37596}"
EndProject
Project("{FAE04EC0-301F-11D3-BF4B-00C04F79EFBC}") = "Nazar.Core.Features.Passthrough", "Nazar.Core.Features.Passthrough\Nazar.Core.Features.Passthrough.csproj", "{D0810DD8-0254-43D8-A3B9-791F3C206F4E}"
EndProject
Global
	GlobalSection(SolutionConfigurationPlatforms) = preSolution
		Debug|Any CPU = Debug|Any CPU
		Release|Any CPU = Release|Any CPU
	EndGlobalSection
	GlobalSection(ProjectConfigurationPlatforms) = postSolution
		{337D60E0-DA09-4F3F-98BA-3F230C414567}.Debug|Any CPU.ActiveCfg = Debug|Any CPU
		{337D60E0-DA09-4F3F-98BA-3F230C414567}.Debug|Any CPU.Build.0 = Debug|Any CPU
		{337D60E0-DA09-4F3F-98BA-3F230C414567}.Debug|Any CPU.Deploy.0 = Debug|Any CPU
		{337D60E0-DA09-4F3F-98BA-3F230C414567}.Release|Any CPU.ActiveCfg = Release|Any CPU
		{337D60E0-DA09-4F3F-98BA-3F230C414567}.Release|Any CPU.Build.0 = Release|Any CPU
		{012E76A3-4651-4A7F-BC60-18B395BD62AE}.Debug|Any CPU.ActiveCfg = Debug|Any CPU
		{012E76A3-4651-4A7F-BC60-18B395BD62AE}.Debug|Any CPU.Build.0 = Debug|Any CPU
		{012E76A3-4651-4A7F-BC60-18B395BD62AE}.Release|Any CPU.ActiveCfg = Release|Any CPU
		{012E76A3-4651-4A7F-BC60-18B395BD62AE}.Release|Any CPU.Build.0 = Release|Any CPU
		{56A42939-4660-4FB4-8841-EC0ACEE37596}.Debug|Any CPU.ActiveCfg = Debug|Any CPU
		{56A42939-4660-4FB4-8841-EC0ACEE37596}.Debug|Any CPU.Build.0 = Debug|Any CPU
		{56A42939-4660-4FB4-8841-EC0ACEE37596}.Release|Any CPU.ActiveCfg = Release|Any CPU
		{56A42939-4660-4FB4-8841-EC0ACEE37596}.Release|Any CPU.Build.0 = Release|Any CPU
		{D0810DD8-0254-43D8-A3B9-791F3C206F4E}.Debug|Any CPU.ActiveCfg = Debug|Any CPU
		{D0810DD8-0254-43D8-A3B9-791F3C206F4E}.Debug|Any CPU.Build.0 = Debug|Any CPU
		{D0810DD8-0254-43D8-A3B9-791F3C206F4E}.Release|Any CPU.ActiveCfg = Release|Any CPU
		{D0810DD8-0254-43D8-A3B9-791F3C206F4E}.Release|Any CPU.Build.0 = Release|Any CPU
	EndGlobalSection
	GlobalSection(SolutionProperties) = preSolution
		HideSolutionNode = FALSE
	EndGlobalSection
	GlobalSection(ExtensibilityGlobals) = postSolution
		SolutionGuid = {759758B8-5C8B-421E-9281-7B9F6A530E7C}
	EndGlobalSection
EndGlobal
