
Microsoft Visual Studio Solution File, Format Version 12.00
# Visual Studio Version 16
VisualStudioVersion = 16.0.33130.400
MinimumVisualStudioVersion = 10.0.40219.1
Project("{9A19103F-16F7-4668-BE54-9A1E7A4F7556}") = "NazAR", "NazAR\NazAR.csproj", "{AC8919AA-2B15-4A30-8E72-1F568EB15BDE}"
EndProject
Project("{9A19103F-16F7-4668-BE54-9A1E7A4F7556}") = "NazAR.StereoKit", "NazAR.StereoKit\NazAR.StereoKit.csproj", "{F6EDFE0B-E2BC-43B9-B99C-3462D78FD2DD}"
EndProject
Project("{9A19103F-16F7-4668-BE54-9A1E7A4F7556}") = "NazAR.Core", "NazAR.Core\NazAR.Core.csproj", "{011A25FE-486C-4F9E-8EC5-B053F7E15E21}"
EndProject
Global
	GlobalSection(SolutionConfigurationPlatforms) = preSolution
		Debug|Any CPU = Debug|Any CPU
		Release|Any CPU = Release|Any CPU
	EndGlobalSection
	GlobalSection(ProjectConfigurationPlatforms) = postSolution
		{AC8919AA-2B15-4A30-8E72-1F568EB15BDE}.Debug|Any CPU.ActiveCfg = Debug|Any CPU
		{AC8919AA-2B15-4A30-8E72-1F568EB15BDE}.Debug|Any CPU.Build.0 = Debug|Any CPU
		{AC8919AA-2B15-4A30-8E72-1F568EB15BDE}.Release|Any CPU.ActiveCfg = Release|Any CPU
		{AC8919AA-2B15-4A30-8E72-1F568EB15BDE}.Release|Any CPU.Build.0 = Release|Any CPU
		{F6EDFE0B-E2BC-43B9-B99C-3462D78FD2DD}.Debug|Any CPU.ActiveCfg = Debug|Any CPU
		{F6EDFE0B-E2BC-43B9-B99C-3462D78FD2DD}.Debug|Any CPU.Build.0 = Debug|Any CPU
		{F6EDFE0B-E2BC-43B9-B99C-3462D78FD2DD}.Release|Any CPU.ActiveCfg = Release|Any CPU
		{F6EDFE0B-E2BC-43B9-B99C-3462D78FD2DD}.Release|Any CPU.Build.0 = Release|Any CPU
		{011A25FE-486C-4F9E-8EC5-B053F7E15E21}.Debug|Any CPU.ActiveCfg = Debug|Any CPU
		{011A25FE-486C-4F9E-8EC5-B053F7E15E21}.Debug|Any CPU.Build.0 = Debug|Any CPU
		{011A25FE-486C-4F9E-8EC5-B053F7E15E21}.Release|Any CPU.ActiveCfg = Release|Any CPU
		{011A25FE-486C-4F9E-8EC5-B053F7E15E21}.Release|Any CPU.Build.0 = Release|Any CPU
	EndGlobalSection
	GlobalSection(SolutionProperties) = preSolution
		HideSolutionNode = FALSE
	EndGlobalSection
	GlobalSection(ExtensibilityGlobals) = postSolution
		SolutionGuid = {30F2C692-28B7-450B-9C81-73C895209146}
	EndGlobalSection
EndGlobal
