
Microsoft Visual Studio Solution File, Format Version 12.00
# Visual Studio Version 17
VisualStudioVersion = 17.4.33103.184
MinimumVisualStudioVersion = 10.0.40219.1
Project("{FAE04EC0-301F-11D3-BF4B-00C04F79EFBC}") = "Nazar.Core", "nazar.core\Nazar.Core.csproj", "{337D60E0-DA09-4F3F-98BA-3F230C414567}"
EndProject
Global
	GlobalSection(SolutionConfigurationPlatforms) = preSolution
		Debug|Any CPU = Debug|Any CPU
		Release|Any CPU = Release|Any CPU
	EndGlobalSection
	GlobalSection(ProjectConfigurationPlatforms) = postSolution
		{337D60E0-DA09-4F3F-98BA-3F230C414567}.Debug|Any CPU.ActiveCfg = Debug|Any CPU
		{337D60E0-DA09-4F3F-98BA-3F230C414567}.Debug|Any CPU.Build.0 = Debug|Any CPU
		{337D60E0-DA09-4F3F-98BA-3F230C414567}.Debug|Any CPU.Deploy.0 = Debug|Any CPU
		{337D60E0-DA09-4F3F-98BA-3F230C414567}.Release|Any CPU.ActiveCfg = Release|Any CPU
		{337D60E0-DA09-4F3F-98BA-3F230C414567}.Release|Any CPU.Build.0 = Release|Any CPU
	EndGlobalSection
	GlobalSection(SolutionProperties) = preSolution
		HideSolutionNode = FALSE
	EndGlobalSection
	GlobalSection(ExtensibilityGlobals) = postSolution
		SolutionGuid = {759758B8-5C8B-421E-9281-7B9F6A530E7C}
	EndGlobalSection
EndGlobal
